<Solution>
  <Folder Name="/Gateway/" />
  <Folder Name="/Services/" />
  <Folder Name="/Services/EnquiryService/">
    <Project Path="EnquiryService.API/EnquiryService.API.csproj" />
    <Project Path="EnquiryService.Application/EnquiryService.Application.csproj" />
    <Project Path="EnquiryService.Domain/EnquiryService.Domain.csproj" />
    <Project Path="EnquiryService.Infrastructure/EnquiryService.Infrastructure.csproj" />
  </Folder>
  <Folder Name="/Services/LeadService/">
    <Project Path="LeadService.API/LeadService.API.csproj" />
    <Project Path="LeadService.Application/LeadService.Application.csproj" />
    <Project Path="LeadService.Domain/LeadService.Domain.csproj" />
    <Project Path="LeadService.Infrastructure/LeadService.Infrastructure.csproj" />
  </Folder>
</Solution>
